
Microsoft Visual Studio Solution File, Format Version 12.00
# Visual Studio Version 17
VisualStudioVersion = 17.3.32922.545
MinimumVisualStudioVersion = 10.0.40219.1
Project("{FAE04EC0-301F-11D3-BF4B-00C04F79EFBC}") = "Proyecto Alejandro", "Proyecto Alejandro.csproj", "{89CA6FBD-D943-4253-9A47-797BD7BC1CCA}"
EndProject
Global
	GlobalSection(SolutionConfigurationPlatforms) = preSolution
		Debug|Any CPU = Debug|Any CPU
		Release|Any CPU = Release|Any CPU
	EndGlobalSection
	GlobalSection(ProjectConfigurationPlatforms) = postSolution
		{89CA6FBD-D943-4253-9A47-797BD7BC1CCA}.Debug|Any CPU.ActiveCfg = Debug|Any CPU
		{89CA6FBD-D943-4253-9A47-797BD7BC1CCA}.Debug|Any CPU.Build.0 = Debug|Any CPU
		{89CA6FBD-D943-4253-9A47-797BD7BC1CCA}.Release|Any CPU.ActiveCfg = Release|Any CPU
		{89CA6FBD-D943-4253-9A47-797BD7BC1CCA}.Release|Any CPU.Build.0 = Release|Any CPU
	EndGlobalSection
	GlobalSection(SolutionProperties) = preSolution
		HideSolutionNode = FALSE
	EndGlobalSection
	GlobalSection(ExtensibilityGlobals) = postSolution
		SolutionGuid = {882EEF21-7A70-4CD4-8038-FC82E38B9758}
	EndGlobalSection
EndGlobal
